
Microsoft Visual Studio Solution File, Format Version 12.00
# Visual Studio Version 17
VisualStudioVersion = 17.2.32516.85
MinimumVisualStudioVersion = 10.0.40219.1
Project("{9A19103F-16F7-4668-BE54-9A1E7A4F7556}") = "SBSender", "SBSender\SBSender.csproj", "{05AA07A7-6E55-4ED5-8507-9A6A2A4BE7FC}"
EndProject
Project("{9A19103F-16F7-4668-BE54-9A1E7A4F7556}") = "SBShared", "SBShared\SBShared.csproj", "{1A62C919-C35F-4205-BBD9-C642581C5D62}"
EndProject
Project("{FAE04EC0-301F-11D3-BF4B-00C04F79EFBC}") = "SBReceiver", "SBReceiver\SBReceiver.csproj", "{972908C6-6F4B-4951-9B8D-383B0B608795}"
EndProject
Global
	GlobalSection(SolutionConfigurationPlatforms) = preSolution
		Debug|Any CPU = Debug|Any CPU
		Release|Any CPU = Release|Any CPU
	EndGlobalSection
	GlobalSection(ProjectConfigurationPlatforms) = postSolution
		{05AA07A7-6E55-4ED5-8507-9A6A2A4BE7FC}.Debug|Any CPU.ActiveCfg = Debug|Any CPU
		{05AA07A7-6E55-4ED5-8507-9A6A2A4BE7FC}.Debug|Any CPU.Build.0 = Debug|Any CPU
		{05AA07A7-6E55-4ED5-8507-9A6A2A4BE7FC}.Release|Any CPU.ActiveCfg = Release|Any CPU
		{05AA07A7-6E55-4ED5-8507-9A6A2A4BE7FC}.Release|Any CPU.Build.0 = Release|Any CPU
		{1A62C919-C35F-4205-BBD9-C642581C5D62}.Debug|Any CPU.ActiveCfg = Debug|Any CPU
		{1A62C919-C35F-4205-BBD9-C642581C5D62}.Debug|Any CPU.Build.0 = Debug|Any CPU
		{1A62C919-C35F-4205-BBD9-C642581C5D62}.Release|Any CPU.ActiveCfg = Release|Any CPU
		{1A62C919-C35F-4205-BBD9-C642581C5D62}.Release|Any CPU.Build.0 = Release|Any CPU
		{972908C6-6F4B-4951-9B8D-383B0B608795}.Debug|Any CPU.ActiveCfg = Debug|Any CPU
		{972908C6-6F4B-4951-9B8D-383B0B608795}.Debug|Any CPU.Build.0 = Debug|Any CPU
		{972908C6-6F4B-4951-9B8D-383B0B608795}.Release|Any CPU.ActiveCfg = Release|Any CPU
		{972908C6-6F4B-4951-9B8D-383B0B608795}.Release|Any CPU.Build.0 = Release|Any CPU
	EndGlobalSection
	GlobalSection(SolutionProperties) = preSolution
		HideSolutionNode = FALSE
	EndGlobalSection
	GlobalSection(ExtensibilityGlobals) = postSolution
		SolutionGuid = {11F5EFF0-F69C-49F4-BC1E-4C090EE21C43}
	EndGlobalSection
EndGlobal
