
Microsoft Visual Studio Solution File, Format Version 12.00
# Visual Studio Version 17
VisualStudioVersion = 17.2.32516.85
MinimumVisualStudioVersion = 10.0.40219.1
Project("{FAE04EC0-301F-11D3-BF4B-00C04F79EFBC}") = "CatalogService", "CatalogService\CatalogService.csproj", "{1502A45B-CA57-4722-8552-86C0F214667F}"
EndProject
Project("{FAE04EC0-301F-11D3-BF4B-00C04F79EFBC}") = "Application", "Application\Application.csproj", "{7B7463B1-58B0-4A9F-83EE-9DF68302ADE8}"
EndProject
Project("{FAE04EC0-301F-11D3-BF4B-00C04F79EFBC}") = "Domain", "Domain\Domain.csproj", "{9BE63EB9-2B8D-44A7-904D-254F38F428B5}"
EndProject
Project("{FAE04EC0-301F-11D3-BF4B-00C04F79EFBC}") = "Infrastructure", "Infrastructure\Infrastructure.csproj", "{B4DA6E27-C322-4AE0-B32F-623942DD3397}"
EndProject
Global
	GlobalSection(SolutionConfigurationPlatforms) = preSolution
		Debug|Any CPU = Debug|Any CPU
		Release|Any CPU = Release|Any CPU
	EndGlobalSection
	GlobalSection(ProjectConfigurationPlatforms) = postSolution
		{1502A45B-CA57-4722-8552-86C0F214667F}.Debug|Any CPU.ActiveCfg = Debug|Any CPU
		{1502A45B-CA57-4722-8552-86C0F214667F}.Debug|Any CPU.Build.0 = Debug|Any CPU
		{1502A45B-CA57-4722-8552-86C0F214667F}.Release|Any CPU.ActiveCfg = Release|Any CPU
		{1502A45B-CA57-4722-8552-86C0F214667F}.Release|Any CPU.Build.0 = Release|Any CPU
		{7B7463B1-58B0-4A9F-83EE-9DF68302ADE8}.Debug|Any CPU.ActiveCfg = Debug|Any CPU
		{7B7463B1-58B0-4A9F-83EE-9DF68302ADE8}.Debug|Any CPU.Build.0 = Debug|Any CPU
		{7B7463B1-58B0-4A9F-83EE-9DF68302ADE8}.Release|Any CPU.ActiveCfg = Release|Any CPU
		{7B7463B1-58B0-4A9F-83EE-9DF68302ADE8}.Release|Any CPU.Build.0 = Release|Any CPU
		{9BE63EB9-2B8D-44A7-904D-254F38F428B5}.Debug|Any CPU.ActiveCfg = Debug|Any CPU
		{9BE63EB9-2B8D-44A7-904D-254F38F428B5}.Debug|Any CPU.Build.0 = Debug|Any CPU
		{9BE63EB9-2B8D-44A7-904D-254F38F428B5}.Release|Any CPU.ActiveCfg = Release|Any CPU
		{9BE63EB9-2B8D-44A7-904D-254F38F428B5}.Release|Any CPU.Build.0 = Release|Any CPU
		{B4DA6E27-C322-4AE0-B32F-623942DD3397}.Debug|Any CPU.ActiveCfg = Debug|Any CPU
		{B4DA6E27-C322-4AE0-B32F-623942DD3397}.Debug|Any CPU.Build.0 = Debug|Any CPU
		{B4DA6E27-C322-4AE0-B32F-623942DD3397}.Release|Any CPU.ActiveCfg = Release|Any CPU
		{B4DA6E27-C322-4AE0-B32F-623942DD3397}.Release|Any CPU.Build.0 = Release|Any CPU
	EndGlobalSection
	GlobalSection(SolutionProperties) = preSolution
		HideSolutionNode = FALSE
	EndGlobalSection
	GlobalSection(ExtensibilityGlobals) = postSolution
		SolutionGuid = {115F1FFA-C2BE-47DC-AC2C-B50602E24EE8}
	EndGlobalSection
EndGlobal
